{
  "nodes": {
    "home-manager": {
      "inputs": {
        "nixpkgs": [
          "nixpkgs"
        ]
      },
      "locked": {
        "lastModified": 1726989464,
        "narHash": "sha256-Vl+WVTJwutXkimwGprnEtXc/s/s8sMuXzqXaspIGlwM=",
        "owner": "nix-community",
        "repo": "home-manager",
        "rev": "2f23fa308a7c067e52dfcc30a0758f47043ec176",
        "type": "github"
      },
      "original": {
        "owner": "nix-community",
        "repo": "home-manager",
        "rev": "2f23fa308a7c067e52dfcc30a0758f47043ec176",
        "type": "github"
      }
    },
    "nixpkgs": {
      "locked": {
        "lastModified": 1727469213,
        "narHash": "sha256-d/65qZtXwVpIwxBTdNuf484Ie58wa5CYK5h+aXsLDoQ=",
        "owner": "nixos",
        "repo": "nixpkgs",
        "rev": "a9a9e085f155b55e4a6dc49a16572b2c799ba66f",
        "type": "github"
      },
      "original": {
        "owner": "nixos",
        "repo": "nixpkgs",
        "rev": "a9a9e085f155b55e4a6dc49a16572b2c799ba66f",
        "type": "github"
      }
    },
    "root": {
      "inputs": {
        "home-manager": "home-manager",
        "nixpkgs": "nixpkgs"
      }
    }
  },
  "root": "root",
  "version": 7
}
